
Microsoft Visual Studio Solution File, Format Version 12.00
# Visual Studio 15
VisualStudioVersion = 15.0.33026.149
MinimumVisualStudioVersion = 10.0.40219.1
Project("{159641D6-6404-4A2A-AE62-294DE0FE8301}") = "SSIS_TxC", "SSIS_TxC\SSIS_TxC.dtproj", "{9DAEDCCF-BC7C-4A35-87FF-0851D8B1459C}"
EndProject
Global
	GlobalSection(SolutionConfigurationPlatforms) = preSolution
		Development|Default = Development|Default
	EndGlobalSection
	GlobalSection(ProjectConfigurationPlatforms) = postSolution
		{9DAEDCCF-BC7C-4A35-87FF-0851D8B1459C}.Development|Default.ActiveCfg = Development
		{9DAEDCCF-BC7C-4A35-87FF-0851D8B1459C}.Development|Default.Build.0 = Development
	EndGlobalSection
	GlobalSection(SolutionProperties) = preSolution
		HideSolutionNode = FALSE
	EndGlobalSection
	GlobalSection(ExtensibilityGlobals) = postSolution
		SolutionGuid = {5CC1ED08-EC14-4906-93B4-1096D8E503DB}
	EndGlobalSection
EndGlobal
